
Microsoft Visual Studio Solution File, Format Version 12.00
# Visual Studio Version 17
VisualStudioVersion = 17.0.31903.59
MinimumVisualStudioVersion = 10.0.40219.1
Project("{FAE04EC0-301F-11D3-BF4B-00C04F79EFBC}") = "LystfiskerPortalen.Backend", "LystfiskerPortalen.Backend\LystfiskerPortalen.Backend.csproj", "{64476E16-E149-489B-93DC-8CC5ECC8385F}"
EndProject
Project("{FAE04EC0-301F-11D3-BF4B-00C04F79EFBC}") = "LystfiskerPortalen.Frontend", "LystfiskerPortalen.Frontend\LystfiskerPortalen.Frontend.csproj", "{EA83833F-4AD2-4181-BD2B-1BA79146620F}"
EndProject
Project("{FAE04EC0-301F-11D3-BF4B-00C04F79EFBC}") = "LystfiskerPortalen.ClassLibrary", "LystfiskerPortalen.ClassLibrary\LystfiskerPortalen.ClassLibrary.csproj", "{23C3AF31-4133-4138-A525-A997A1813CE0}"
EndProject
Global
	GlobalSection(SolutionConfigurationPlatforms) = preSolution
		Debug|Any CPU = Debug|Any CPU
		Debug|x64 = Debug|x64
		Debug|x86 = Debug|x86
		Release|Any CPU = Release|Any CPU
		Release|x64 = Release|x64
		Release|x86 = Release|x86
	EndGlobalSection
	GlobalSection(ProjectConfigurationPlatforms) = postSolution
		{64476E16-E149-489B-93DC-8CC5ECC8385F}.Debug|Any CPU.ActiveCfg = Debug|Any CPU
		{64476E16-E149-489B-93DC-8CC5ECC8385F}.Debug|Any CPU.Build.0 = Debug|Any CPU
		{64476E16-E149-489B-93DC-8CC5ECC8385F}.Debug|x64.ActiveCfg = Debug|Any CPU
		{64476E16-E149-489B-93DC-8CC5ECC8385F}.Debug|x64.Build.0 = Debug|Any CPU
		{64476E16-E149-489B-93DC-8CC5ECC8385F}.Debug|x86.ActiveCfg = Debug|Any CPU
		{64476E16-E149-489B-93DC-8CC5ECC8385F}.Debug|x86.Build.0 = Debug|Any CPU
		{64476E16-E149-489B-93DC-8CC5ECC8385F}.Release|Any CPU.ActiveCfg = Release|Any CPU
		{64476E16-E149-489B-93DC-8CC5ECC8385F}.Release|Any CPU.Build.0 = Release|Any CPU
		{64476E16-E149-489B-93DC-8CC5ECC8385F}.Release|x64.ActiveCfg = Release|Any CPU
		{64476E16-E149-489B-93DC-8CC5ECC8385F}.Release|x64.Build.0 = Release|Any CPU
		{64476E16-E149-489B-93DC-8CC5ECC8385F}.Release|x86.ActiveCfg = Release|Any CPU
		{64476E16-E149-489B-93DC-8CC5ECC8385F}.Release|x86.Build.0 = Release|Any CPU
		{EA83833F-4AD2-4181-BD2B-1BA79146620F}.Debug|Any CPU.ActiveCfg = Debug|Any CPU
		{EA83833F-4AD2-4181-BD2B-1BA79146620F}.Debug|Any CPU.Build.0 = Debug|Any CPU
		{EA83833F-4AD2-4181-BD2B-1BA79146620F}.Debug|x64.ActiveCfg = Debug|Any CPU
		{EA83833F-4AD2-4181-BD2B-1BA79146620F}.Debug|x64.Build.0 = Debug|Any CPU
		{EA83833F-4AD2-4181-BD2B-1BA79146620F}.Debug|x86.ActiveCfg = Debug|Any CPU
		{EA83833F-4AD2-4181-BD2B-1BA79146620F}.Debug|x86.Build.0 = Debug|Any CPU
		{EA83833F-4AD2-4181-BD2B-1BA79146620F}.Release|Any CPU.ActiveCfg = Release|Any CPU
		{EA83833F-4AD2-4181-BD2B-1BA79146620F}.Release|Any CPU.Build.0 = Release|Any CPU
		{EA83833F-4AD2-4181-BD2B-1BA79146620F}.Release|x64.ActiveCfg = Release|Any CPU
		{EA83833F-4AD2-4181-BD2B-1BA79146620F}.Release|x64.Build.0 = Release|Any CPU
		{EA83833F-4AD2-4181-BD2B-1BA79146620F}.Release|x86.ActiveCfg = Release|Any CPU
		{EA83833F-4AD2-4181-BD2B-1BA79146620F}.Release|x86.Build.0 = Release|Any CPU
		{23C3AF31-4133-4138-A525-A997A1813CE0}.Debug|Any CPU.ActiveCfg = Debug|Any CPU
		{23C3AF31-4133-4138-A525-A997A1813CE0}.Debug|Any CPU.Build.0 = Debug|Any CPU
		{23C3AF31-4133-4138-A525-A997A1813CE0}.Debug|x64.ActiveCfg = Debug|Any CPU
		{23C3AF31-4133-4138-A525-A997A1813CE0}.Debug|x64.Build.0 = Debug|Any CPU
		{23C3AF31-4133-4138-A525-A997A1813CE0}.Debug|x86.ActiveCfg = Debug|Any CPU
		{23C3AF31-4133-4138-A525-A997A1813CE0}.Debug|x86.Build.0 = Debug|Any CPU
		{23C3AF31-4133-4138-A525-A997A1813CE0}.Release|Any CPU.ActiveCfg = Release|Any CPU
		{23C3AF31-4133-4138-A525-A997A1813CE0}.Release|Any CPU.Build.0 = Release|Any CPU
		{23C3AF31-4133-4138-A525-A997A1813CE0}.Release|x64.ActiveCfg = Release|Any CPU
		{23C3AF31-4133-4138-A525-A997A1813CE0}.Release|x64.Build.0 = Release|Any CPU
		{23C3AF31-4133-4138-A525-A997A1813CE0}.Release|x86.ActiveCfg = Release|Any CPU
		{23C3AF31-4133-4138-A525-A997A1813CE0}.Release|x86.Build.0 = Release|Any CPU
	EndGlobalSection
	GlobalSection(SolutionProperties) = preSolution
		HideSolutionNode = FALSE
	EndGlobalSection
	GlobalSection(ExtensibilityGlobals) = postSolution
		SolutionGuid = {DB035DA7-CC98-4D86-9603-D8DE2AD7867F}
	EndGlobalSection
EndGlobal
