Microsoft Visual Studio Solution File, Format Version 12.00
# Visual Studio Version 17
VisualStudioVersion = 17.5.2.0
MinimumVisualStudioVersion = 10.0.40219.1
Project("{FAE04EC0-301F-11D3-BF4B-00C04F79EFBC}") = "LystfiskerPortalen.ClassLibrary", "LystfiskerPortalen.ClassLibrary.csproj", "{52B15F76-75AB-B291-F46E-0FA5B3BDDB9A}"
EndProject
Global
	GlobalSection(SolutionConfigurationPlatforms) = preSolution
		Debug|Any CPU = Debug|Any CPU
		Release|Any CPU = Release|Any CPU
	EndGlobalSection
	GlobalSection(ProjectConfigurationPlatforms) = postSolution
		{52B15F76-75AB-B291-F46E-0FA5B3BDDB9A}.Debug|Any CPU.ActiveCfg = Debug|Any CPU
		{52B15F76-75AB-B291-F46E-0FA5B3BDDB9A}.Debug|Any CPU.Build.0 = Debug|Any CPU
		{52B15F76-75AB-B291-F46E-0FA5B3BDDB9A}.Release|Any CPU.ActiveCfg = Release|Any CPU
		{52B15F76-75AB-B291-F46E-0FA5B3BDDB9A}.Release|Any CPU.Build.0 = Release|Any CPU
	EndGlobalSection
	GlobalSection(SolutionProperties) = preSolution
		HideSolutionNode = FALSE
	EndGlobalSection
	GlobalSection(ExtensibilityGlobals) = postSolution
		SolutionGuid = {AE93AA0A-6C70-450A-BD02-199F8245FA54}
	EndGlobalSection
EndGlobal
